
Microsoft Visual Studio Solution File, Format Version 12.00
# Visual Studio Version 17
VisualStudioVersion = 17.8.34316.72
MinimumVisualStudioVersion = 10.0.40219.1
Project("{FAE04EC0-301F-11D3-BF4B-00C04F79EFBC}") = "LazyViewBlankPageIssue", "LazyViewBlankPageIssue.csproj", "{F74CBD94-5370-4A73-87CA-13CB20C0A279}"
EndProject
Global
	GlobalSection(SolutionConfigurationPlatforms) = preSolution
		Debug|Any CPU = Debug|Any CPU
		Release|Any CPU = Release|Any CPU
	EndGlobalSection
	GlobalSection(ProjectConfigurationPlatforms) = postSolution
		{F74CBD94-5370-4A73-87CA-13CB20C0A279}.Debug|Any CPU.ActiveCfg = Debug|Any CPU
		{F74CBD94-5370-4A73-87CA-13CB20C0A279}.Debug|Any CPU.Build.0 = Debug|Any CPU
		{F74CBD94-5370-4A73-87CA-13CB20C0A279}.Debug|Any CPU.Deploy.0 = Debug|Any CPU
		{F74CBD94-5370-4A73-87CA-13CB20C0A279}.Release|Any CPU.ActiveCfg = Release|Any CPU
		{F74CBD94-5370-4A73-87CA-13CB20C0A279}.Release|Any CPU.Build.0 = Release|Any CPU
		{F74CBD94-5370-4A73-87CA-13CB20C0A279}.Release|Any CPU.Deploy.0 = Release|Any CPU
	EndGlobalSection
	GlobalSection(SolutionProperties) = preSolution
		HideSolutionNode = FALSE
	EndGlobalSection
	GlobalSection(ExtensibilityGlobals) = postSolution
		SolutionGuid = {675C55BF-6772-4007-9BE7-18038FC5ACC0}
	EndGlobalSection
EndGlobal
